
Microsoft Visual Studio Solution File, Format Version 12.00
# Visual Studio 15
VisualStudioVersion = 15.0.26923.0
MinimumVisualStudioVersion = 10.0.40219.1
Project("{FAE04EC0-301F-11D3-BF4B-00C04F79EFBC}") = "Xanadu-BRA-Decomrpess", "Xanadu-BRA-Decomrpess\Xanadu-BRA-Decomrpess.csproj", "{A07F888D-17C6-4789-AC87-42E7AE2C8426}"
EndProject
Global
	GlobalSection(SolutionConfigurationPlatforms) = preSolution
		Debug|Any CPU = Debug|Any CPU
		Release|Any CPU = Release|Any CPU
	EndGlobalSection
	GlobalSection(ProjectConfigurationPlatforms) = postSolution
		{A07F888D-17C6-4789-AC87-42E7AE2C8426}.Debug|Any CPU.ActiveCfg = Debug|Any CPU
		{A07F888D-17C6-4789-AC87-42E7AE2C8426}.Debug|Any CPU.Build.0 = Debug|Any CPU
		{A07F888D-17C6-4789-AC87-42E7AE2C8426}.Release|Any CPU.ActiveCfg = Release|Any CPU
		{A07F888D-17C6-4789-AC87-42E7AE2C8426}.Release|Any CPU.Build.0 = Release|Any CPU
	EndGlobalSection
	GlobalSection(SolutionProperties) = preSolution
		HideSolutionNode = FALSE
	EndGlobalSection
	GlobalSection(ExtensibilityGlobals) = postSolution
		SolutionGuid = {DF540E59-26A6-4BE7-AE8B-A7636E3BB8E5}
	EndGlobalSection
EndGlobal
